<?xml version="1.0" encoding="utf-8"?>
<Project ToolsVersion="4.0" xmlns="http://schemas.microsoft.com/developer/msbuild/2003">
  <ItemGroup>
    <ClCompile Include="Main\Main.cpp">
      <Filter>Main</Filter>
    </ClCompile>
    <ClCompile Include="Main\SceneManager\SceneManager.cpp">
      <Filter>Main\SceneManager</Filter>
    </ClCompile>
    <ClCompile Include="Main\SceneManager\SceneFactory\SceneFactory.cpp">
      <Filter>Main\SceneManager\SceneFactory</Filter>
    </ClCompile>
    <ClCompile Include="Library\InputDeviceManager\MouseDevice\MouseDevice.cpp">
      <Filter>Library\InputDeviceManager\MouseDevice</Filter>
    </ClCompile>
    <ClCompile Include="Library\InputDeviceManager\KeyDevice\KeyDevice.cpp">
      <Filter>Library\InputDeviceManager\KeyDevice</Filter>
    </ClCompile>
    <ClCompile Include="Library\InputDeviceManager\InputDeviceManager.cpp">
      <Filter>Library\InputDeviceManager</Filter>
    </ClCompile>
    <ClCompile Include="Library\DX11Manager\DX11Manager.cpp">
      <Filter>Library\DX11Manager</Filter>
    </ClCompile>
    <ClCompile Include="Library\DSoundManager\DSoundManager.cpp">
      <Filter>Library\DSoundManager</Filter>
    </ClCompile>
    <ClCompile Include="Library\DebugFont\DebugFont.cpp">
      <Filter>Library\DebugFont</Filter>
    </ClCompile>
    <ClCompile Include="Library\TextureManager\TextureManager.cpp">
      <Filter>Library\TextureManager</Filter>
    </ClCompile>
    <ClCompile Include="Library\ShaderManager\ShaderManager.cpp">
      <Filter>Library\ShaderManager</Filter>
    </ClCompile>
    <ClCompile Include="Library\FbxFileManager\FbxLoader\FbxLoader.cpp">
      <Filter>Library\FbxFileManager\FbxLoader</Filter>
    </ClCompile>
    <ClCompile Include="Library\FbxFileManager\FbxModel\FbxModel.cpp">
      <Filter>Library\FbxFileManager\FbxModel</Filter>
    </ClCompile>
    <ClCompile Include="Library\FbxFileManager\FbxFileManager.cpp">
      <Filter>Library\FbxFileManager</Filter>
    </ClCompile>
    <ClCompile Include="Library\Vertex2D\Vertex2D.cpp">
      <Filter>Library\Vertex2D</Filter>
    </ClCompile>
    <ClCompile Include="Main\SceneManager\SaveDataManager\SaveDataManager.cpp">
      <Filter>Main\SceneManager\SaveDataManager</Filter>
    </ClCompile>
    <ClCompile Include="Library\Camera\Camera.cpp">
      <Filter>Library\Camera</Filter>
    </ClCompile>
    <ClCompile Include="Library\Vertex\Vertex.cpp">
      <Filter>Library\Vertex</Filter>
    </ClCompile>
    <ClCompile Include="Main\SceneManager\SceneBase\GameScene\EventManager\Event\Event.cpp">
      <Filter>Main\SceneManager\SceneBase\GameScene\EventManager\Event</Filter>
    </ClCompile>
    <ClCompile Include="Main\SceneManager\SceneBase\GameScene\EventManager\EventListener\EventListener.cpp">
      <Filter>Main\SceneManager\SceneBase\GameScene\EventManager\EventListener</Filter>
    </ClCompile>
    <ClCompile Include="Main\SceneManager\SceneBase\GameScene\EventManager\EventManager.cpp">
      <Filter>Main\SceneManager\SceneBase\GameScene\EventManager</Filter>
    </ClCompile>
    <ClCompile Include="Main\SceneManager\SceneBase\GameScene\ObjectManager\GamaObjectManager\EnemyManager\EnemyManager.cpp">
      <Filter>Main\SceneManager\SceneBase\GameScene\ObjectManager\GameObjectManager\EnemyManager</Filter>
    </ClCompile>
    <ClCompile Include="Main\SceneManager\SceneBase\GameScene\ObjectManager\GamaObjectManager\FieldManager\Ground\Ground.cpp">
      <Filter>Main\SceneManager\SceneBase\GameScene\ObjectManager\GameObjectManager\FieldManager\Ground</Filter>
    </ClCompile>
    <ClCompile Include="Main\SceneManager\SceneBase\GameScene\ObjectManager\GamaObjectManager\FieldManager\Sky\Sky.cpp">
      <Filter>Main\SceneManager\SceneBase\GameScene\ObjectManager\GameObjectManager\FieldManager\Sky</Filter>
    </ClCompile>
    <ClCompile Include="Main\SceneManager\SceneBase\GameScene\ObjectManager\GamaObjectManager\FieldManager\FieldManager.cpp">
      <Filter>Main\SceneManager\SceneBase\GameScene\ObjectManager\GameObjectManager\FieldManager</Filter>
    </ClCompile>
    <ClCompile Include="Main\SceneManager\SceneBase\GameScene\ObjectManager\GamaObjectManager\HouseManager\HouseManager.cpp">
      <Filter>Main\SceneManager\SceneBase\GameScene\ObjectManager\GameObjectManager\HouseManager</Filter>
    </ClCompile>
    <ClCompile Include="Main\SceneManager\SceneBase\GameScene\ObjectManager\GamaObjectManager\HumanManager\HumanManager.cpp">
      <Filter>Main\SceneManager\SceneBase\GameScene\ObjectManager\GameObjectManager\HumanManager</Filter>
    </ClCompile>
    <ClCompile Include="Main\SceneManager\SceneBase\GameScene\ObjectManager\GamaObjectManager\MainCamera\MainCamera.cpp">
      <Filter>Main\SceneManager\SceneBase\GameScene\ObjectManager\GameObjectManager\MainCamera</Filter>
    </ClCompile>
    <ClCompile Include="Main\SceneManager\SceneBase\GameScene\ObjectManager\GamaObjectManager\RoadManager\RoadManager.cpp">
      <Filter>Main\SceneManager\SceneBase\GameScene\ObjectManager\GameObjectManager\RoadManager</Filter>
    </ClCompile>
    <ClCompile Include="Main\SceneManager\SceneBase\GameScene\ObjectManager\GamaObjectManager\GameObjectManager.cpp">
      <Filter>Main\SceneManager\SceneBase\GameScene\ObjectManager\GameObjectManager</Filter>
    </ClCompile>
    <ClCompile Include="Main\SceneManager\SceneBase\GameScene\ObjectManager\UIManager\ButtonUI\ButtonUI.cpp">
      <Filter>Main\SceneManager\SceneBase\GameScene\ObjectManager\UIManager\ButtonUI</Filter>
    </ClCompile>
    <ClCompile Include="Main\SceneManager\SceneBase\GameScene\ObjectManager\UIManager\GameTimeWindow\GameTimeOperationUI\AccelerateOfTimeButtonUI\AccelerateOfTimeButtonUI.cpp">
      <Filter>Main\SceneManager\SceneBase\GameScene\ObjectManager\UIManager\GameTimeWindow\GameTimeOperationUI\AccelerateOfTimeButtonUI</Filter>
    </ClCompile>
    <ClCompile Include="Main\SceneManager\SceneBase\GameScene\ObjectManager\UIManager\GameTimeWindow\GameTimeOperationUI\DecelerateOfTimeButtonUI\DecelerateOfTimeButtonUI.cpp">
      <Filter>Main\SceneManager\SceneBase\GameScene\ObjectManager\UIManager\GameTimeWindow\GameTimeOperationUI\DecelerateOfTimeButtonUI</Filter>
    </ClCompile>
    <ClCompile Include="Main\SceneManager\SceneBase\GameScene\ObjectManager\UIManager\GameTimeWindow\GameTimeOperationUI\GameTimeSpeedUI\GameTimeSpeedUI.cpp">
      <Filter>Main\SceneManager\SceneBase\GameScene\ObjectManager\UIManager\GameTimeWindow\GameTimeOperationUI\GameTimeSpeedUI</Filter>
    </ClCompile>
    <ClCompile Include="Main\SceneManager\SceneBase\GameScene\ObjectManager\UIManager\GameTimeWindow\GameTimeOperationUI\NormalTimeButtonUI\NormalTimeButtonUI.cpp">
      <Filter>Main\SceneManager\SceneBase\GameScene\ObjectManager\UIManager\GameTimeWindow\GameTimeOperationUI\NormalTimeButtonUI</Filter>
    </ClCompile>
    <ClCompile Include="Main\SceneManager\SceneBase\GameScene\ObjectManager\UIManager\GameTimeWindow\GameTimeOperationUI\GameTimeOperationUI.cpp">
      <Filter>Main\SceneManager\SceneBase\GameScene\ObjectManager\UIManager\GameTimeWindow\GameTimeOperationUI</Filter>
    </ClCompile>
    <ClCompile Include="Main\SceneManager\SceneBase\GameScene\ObjectManager\UIManager\GameTimeWindow\GameTimeUI\GameTimeUI.cpp">
      <Filter>Main\SceneManager\SceneBase\GameScene\ObjectManager\UIManager\GameTimeWindow\GameTimeUI</Filter>
    </ClCompile>
    <ClCompile Include="Main\SceneManager\SceneBase\GameScene\ObjectManager\UIManager\KingdomStatusWindow\KingdomButtonUI\KingdomButtonUI.cpp">
      <Filter>Main\SceneManager\SceneBase\GameScene\ObjectManager\UIManager\KingdomStatusWindow\KingdomButtonUI</Filter>
    </ClCompile>
    <ClCompile Include="Main\SceneManager\SceneBase\GameScene\ObjectManager\UIManager\KingdomStatusWindow\KingdomDataUI\KingdomDataUI.cpp">
      <Filter>Main\SceneManager\SceneBase\GameScene\ObjectManager\UIManager\KingdomStatusWindow\KingdomDataUI</Filter>
    </ClCompile>
    <ClCompile Include="Main\SceneManager\SceneBase\GameScene\ObjectManager\UIManager\KingdomStatusWindow\KingdomDemandUI\KingdomDemandUI.cpp">
      <Filter>Main\SceneManager\SceneBase\GameScene\ObjectManager\UIManager\KingdomStatusWindow\KingdomDemandUI</Filter>
    </ClCompile>
    <ClCompile Include="Main\SceneManager\SceneBase\GameScene\ObjectManager\UIManager\KingdomStatusWindow\KingdomStatusWindow.cpp">
      <Filter>Main\SceneManager\SceneBase\GameScene\ObjectManager\UIManager\KingdomStatusWindow</Filter>
    </ClCompile>
    <ClCompile Include="Main\SceneManager\SceneBase\GameScene\ObjectManager\UIManager\OperationWindow\BackToTitleButtonUI\BackToTitleButtonUI.cpp">
      <Filter>Main\SceneManager\SceneBase\GameScene\ObjectManager\UIManager\OperationWindow\BackToTitleButtonUI</Filter>
    </ClCompile>
    <ClCompile Include="Main\SceneManager\SceneBase\GameScene\ObjectManager\UIManager\OperationWindow\BuildButtonUI\BuildButtonUI.cpp">
      <Filter>Main\SceneManager\SceneBase\GameScene\ObjectManager\UIManager\OperationWindow\BuildButtonUI</Filter>
    </ClCompile>
    <ClCompile Include="Main\SceneManager\SceneBase\GameScene\ObjectManager\UIManager\OperationWindow\LoadButtonUI\LoadButtonUI.cpp">
      <Filter>Main\SceneManager\SceneBase\GameScene\ObjectManager\UIManager\OperationWindow\LoadButtonUI</Filter>
    </ClCompile>
    <ClCompile Include="Main\SceneManager\SceneBase\GameScene\ObjectManager\UIManager\OperationWindow\PoliticsButtonUI\PoliticsButtonUI.cpp">
      <Filter>Main\SceneManager\SceneBase\GameScene\ObjectManager\UIManager\OperationWindow\PoliticsButtonUI</Filter>
    </ClCompile>
    <ClCompile Include="Main\SceneManager\SceneBase\GameScene\ObjectManager\UIManager\OperationWindow\SaveButtonUI\SaveButtonUI.cpp">
      <Filter>Main\SceneManager\SceneBase\GameScene\ObjectManager\UIManager\OperationWindow\SaveButtonUI</Filter>
    </ClCompile>
    <ClCompile Include="Main\SceneManager\SceneBase\GameScene\ObjectManager\UIManager\OperationWindow\OperationWindow.cpp">
      <Filter>Main\SceneManager\SceneBase\GameScene\ObjectManager\UIManager\OperationWindow</Filter>
    </ClCompile>
    <ClCompile Include="Main\SceneManager\SceneBase\GameScene\ObjectManager\UIManager\TextUI\TextUI.cpp">
      <Filter>Main\SceneManager\SceneBase\GameScene\ObjectManager\UIManager\TextUI</Filter>
    </ClCompile>
    <ClCompile Include="Main\SceneManager\SceneBase\GameScene\ObjectManager\UIManager\WindowUI\WindowUI.cpp">
      <Filter>Main\SceneManager\SceneBase\GameScene\ObjectManager\UIManager\WindowUI</Filter>
    </ClCompile>
    <ClCompile Include="Main\SceneManager\SceneBase\GameScene\ObjectManager\UIManager\UIManager.cpp">
      <Filter>Main\SceneManager\SceneBase\GameScene\ObjectManager\UIManager</Filter>
    </ClCompile>
    <ClCompile Include="Main\SceneManager\SceneBase\GameScene\ObjectManager\ObjectManager.cpp">
      <Filter>Main\SceneManager\SceneBase\GameScene\ObjectManager</Filter>
    </ClCompile>
    <ClCompile Include="Main\SceneManager\SceneBase\GameScene\GameScene.cpp">
      <Filter>Main\SceneManager\SceneBase\GameScene</Filter>
    </ClCompile>
    <ClCompile Include="Main\SceneManager\SceneBase\TitleScene\TitleBackground\TitleBackground.cpp">
      <Filter>Main\SceneManager\SceneBase\TitleScene\TitleBackground</Filter>
    </ClCompile>
    <ClCompile Include="Main\SceneManager\SceneBase\TitleScene\TitleLogo\TitleLogo.cpp">
      <Filter>Main\SceneManager\SceneBase\TitleScene\TitleLogo</Filter>
    </ClCompile>
    <ClCompile Include="Main\SceneManager\SceneBase\TitleScene\TitleMenu\TitleSaveDataMenu\TitleSaveDataButton\TitleSaveDataButton.cpp">
      <Filter>Main\SceneManager\SceneBase\TitleScene\TitleMenu\TitleSaveDataMenu\TitleSaveDataButton</Filter>
    </ClCompile>
    <ClCompile Include="Main\SceneManager\SceneBase\TitleScene\TitleMenu\TitleSaveDataMenu\TitleSaveDataMenu.cpp">
      <Filter>Main\SceneManager\SceneBase\TitleScene\TitleMenu\TitleSaveDataMenu</Filter>
    </ClCompile>
    <ClCompile Include="Main\SceneManager\SceneBase\TitleScene\TitleMenu\TitleMenu.cpp">
      <Filter>Main\SceneManager\SceneBase\TitleScene\TitleMenu</Filter>
    </ClCompile>
    <ClCompile Include="Main\SceneManager\SceneBase\TitleScene\TitleScene.cpp">
      <Filter>Main\SceneManager\SceneBase\TitleScene</Filter>
    </ClCompile>
    <ClCompile Include="Main\SceneManager\SceneBase\SceneBase.cpp">
      <Filter>Main\SceneManager\SceneBase</Filter>
    </ClCompile>
    <ClCompile Include="Main\SceneManager\SceneBase\GameScene\GameDataManager\GameDataManager.cpp">
      <Filter>Main\SceneManager\SceneBase\GameScene\GameDataManager</Filter>
    </ClCompile>
    <ClCompile Include="Main\SceneManager\SceneBase\GameScene\ObjectManager\GamaObjectManager\GameTimeManager\GameTimeManager.cpp">
      <Filter>Main\SceneManager\SceneBase\GameScene\ObjectManager\GameObjectManager\GameTimeManager</Filter>
    </ClCompile>
    <ClCompile Include="Main\SceneManager\SceneBase\GameScene\EventManager\Event\GameTimeEvent\GameTimeEvent.cpp">
      <Filter>Main\SceneManager\SceneBase\GameScene\EventManager\Event\GameTimeEvent</Filter>
    </ClCompile>
    <ClCompile Include="Main\SceneManager\SceneBase\GameScene\EventManager\EventListener\GameTimeEventListener\GameTimeEventListener.cpp">
      <Filter>Main\SceneManager\SceneBase\GameScene\EventManager\EventListener\GameTimeEventListener</Filter>
    </ClCompile>
    <ClCompile Include="Main\SceneManager\SceneBase\GameScene\ObjectManager\GamaObjectManager\KingdomDataManager\KingdomDataManager.cpp">
      <Filter>Main\SceneManager\SceneBase\GameScene\ObjectManager\GameObjectManager\KingdomDataManager</Filter>
    </ClCompile>
    <ClCompile Include="Main\SceneManager\SceneBase\GameScene\ObjectManager\UIManager\OperationWindow\BackToTitleWindow\BackToTitleWindow.cpp">
      <Filter>Main\SceneManager\SceneBase\GameScene\ObjectManager\UIManager\OperationWindow\BackToTitleWindow</Filter>
    </ClCompile>
    <ClCompile Include="Main\SceneManager\SceneBase\GameScene\ObjectManager\UIManager\OperationWindow\BuildWindow\BuildWindow.cpp">
      <Filter>Main\SceneManager\SceneBase\GameScene\ObjectManager\UIManager\OperationWindow\BuildWindow</Filter>
    </ClCompile>
    <ClCompile Include="Main\SceneManager\SceneBase\GameScene\ObjectManager\UIManager\OperationWindow\LoadWindow\LoadWindow.cpp">
      <Filter>Main\SceneManager\SceneBase\GameScene\ObjectManager\UIManager\OperationWindow\LoadWindow</Filter>
    </ClCompile>
    <ClCompile Include="Main\SceneManager\SceneBase\GameScene\ObjectManager\UIManager\OperationWindow\PoliticsWindow\PoliticsWindow.cpp">
      <Filter>Main\SceneManager\SceneBase\GameScene\ObjectManager\UIManager\OperationWindow\PoliticsWindow</Filter>
    </ClCompile>
    <ClCompile Include="Main\SceneManager\SceneBase\GameScene\ObjectManager\UIManager\OperationWindow\SaveWindow\SaveWindow.cpp">
      <Filter>Main\SceneManager\SceneBase\GameScene\ObjectManager\UIManager\OperationWindow\SaveWindow</Filter>
    </ClCompile>
    <ClCompile Include="Main\SceneManager\SceneBase\GameScene\EventManager\Event\OperationWindowEvent\OperationWindowEvent.cpp">
      <Filter>Main\SceneManager\SceneBase\GameScene\EventManager\Event\OperationWindowEvent</Filter>
    </ClCompile>
    <ClCompile Include="Main\SceneManager\SceneBase\GameScene\EventManager\EventListener\OperationWindowEventListener\OperationWindowEventListener.cpp">
      <Filter>Main\SceneManager\SceneBase\GameScene\EventManager\EventListener\OperationWindowEventListener</Filter>
    </ClCompile>
    <ClCompile Include="Main\SceneManager\SceneBase\GameScene\ObjectManager\UIManager\OperationWindow\BuildWindow\HouseBuildButtonUI\HouseBuildButtonUI.cpp">
      <Filter>Main\SceneManager\SceneBase\GameScene\ObjectManager\UIManager\OperationWindow\BuildWindow\HouseBuildButtonUI</Filter>
    </ClCompile>
    <ClCompile Include="Main\SceneManager\SceneBase\GameScene\ObjectManager\UIManager\OperationWindow\BuildWindow\HouseDestroyButtonUI\HouseDestroyButtonUI.cpp">
      <Filter>Main\SceneManager\SceneBase\GameScene\ObjectManager\UIManager\OperationWindow\BuildWindow\HouseDestroyButtonUI</Filter>
    </ClCompile>
    <ClCompile Include="Main\SceneManager\SceneBase\GameScene\ObjectManager\UIManager\OperationWindow\BuildWindow\HouseBuildWindow\HouseBuildWindow.cpp">
      <Filter>Main\SceneManager\SceneBase\GameScene\ObjectManager\UIManager\OperationWindow\BuildWindow\HouseBuildWindow</Filter>
    </ClCompile>
    <ClCompile Include="Main\SceneManager\SceneBase\GameScene\EventManager\Event\BuildWindowEvent\BuildWindowEvent.cpp">
      <Filter>Main\SceneManager\SceneBase\GameScene\EventManager\Event\BuildWindowEvent</Filter>
    </ClCompile>
    <ClCompile Include="Main\SceneManager\SceneBase\GameScene\EventManager\EventListener\BuildWindowEventListener\BuildWindowEventListener.cpp">
      <Filter>Main\SceneManager\SceneBase\GameScene\EventManager\EventListener\BuildWindowEventListener</Filter>
    </ClCompile>
    <ClCompile Include="Main\SceneManager\SceneBase\GameScene\ObjectManager\UIManager\OperationWindow\BuildWindow\RoadLayingButtonUI\RoadLayingButtonUI.cpp">
      <Filter>Main\SceneManager\SceneBase\GameScene\ObjectManager\UIManager\OperationWindow\BuildWindow\RoadLayingButtonUI</Filter>
    </ClCompile>
    <ClCompile Include="Main\SceneManager\SceneBase\GameScene\ObjectManager\UIManager\GameTimeWindow\GameTimeWindow.cpp">
      <Filter>Main\SceneManager\SceneBase\GameScene\ObjectManager\UIManager\GameTimeWindow</Filter>
    </ClCompile>
    <ClCompile Include="Main\SceneManager\SceneBase\GameScene\ObjectManager\UIManager\OperationWindow\BuildWindow\HouseBuildWindow\NormalHouseBuildButtonUI\NormalHouseBuildButtonUI.cpp">
      <Filter>Main\SceneManager\SceneBase\GameScene\ObjectManager\UIManager\OperationWindow\BuildWindow\HouseBuildWindow\NormalHouseBuildButtonUI</Filter>
    </ClCompile>
    <ClCompile Include="Main\SceneManager\SceneBase\GameScene\EventManager\Event\HouseBuildWindowEvent\HouseBuildWindowEvent.cpp">
      <Filter>Main\SceneManager\SceneBase\GameScene\EventManager\Event\HouseBuildWindowEvent</Filter>
    </ClCompile>
    <ClCompile Include="Main\SceneManager\SceneBase\GameScene\EventManager\EventListener\HouseBuildWindowEventListener\HouseBuildWindowEventListener.cpp">
      <Filter>Main\SceneManager\SceneBase\GameScene\EventManager\EventListener\HouseBuildWindowEventListener</Filter>
    </ClCompile>
    <ClCompile Include="Main\SceneManager\SceneBase\GameScene\ObjectManager\UIManager\OperationWindow\BuildWindow\HouseBuildWindow\NormalHouseBuildButtonUI\NormalHouseBuildButtonUI.cpp">
      <Filter>Main\SceneManager\SceneBase\GameScene\ObjectManager\UIManager\OperationWindow\BuildWindow\HouseBuildWindow\NormalHouseBuildButtonUI</Filter>
    </ClCompile>
    <ClCompile Include="Main\SceneManager\SceneBase\TitleScene\TitleMenu\TitleContinueButton\TitleContinueButton.cpp">
      <Filter>Main\SceneManager\SceneBase\TitleScene\TitleMenu\TitleContinueButton</Filter>
    </ClCompile>
    <ClCompile Include="Main\SceneManager\SceneBase\TitleScene\TitleMenu\TitleStartButton\TitleStartButton.cpp">
      <Filter>Main\SceneManager\SceneBase\TitleScene\TitleMenu\TitleStartButton</Filter>
    </ClCompile>
    <ClCompile Include="Main\SceneManager\SceneBase\GameScene\EventManager\EventListener\KingdomWindowEventListener\KingdomWindowEventListener.cpp">
      <Filter>Main\SceneManager\SceneBase\GameScene\EventManager\EventListener\KingdomWindowEventListener</Filter>
    </ClCompile>
    <ClCompile Include="Main\SceneManager\SceneBase\GameScene\EventManager\Event\KingdomWindowEvent\KingdomWindowEvent.cpp">
      <Filter>Main\SceneManager\SceneBase\GameScene\EventManager\Event\KingdomWindowEvent</Filter>
    </ClCompile>
    <ClCompile Include="Main\SceneManager\SceneBase\GameScene\ObjectManager\UIManager\KingdomWindow\KingdomWindow.cpp">
      <Filter>Main\SceneManager\SceneBase\GameScene\ObjectManager\UIManager\KingdomWindow</Filter>
    </ClCompile>
    <ClCompile Include="Main\SceneManager\SceneBase\GameScene\ObjectManager\GamaObjectManager\MousePosConverter\MousePosConverter.cpp">
      <Filter>Main\SceneManager\SceneBase\GameScene\ObjectManager\GameObjectManager\MousePosConverter</Filter>
    </ClCompile>
  </ItemGroup>
  <ItemGroup>
    <ClInclude Include="Main\SceneManager\SceneManager.h">
      <Filter>Main\SceneManager</Filter>
    </ClInclude>
    <ClInclude Include="Main\SceneManager\SceneFactory\SceneFactory.h">
      <Filter>Main\SceneManager\SceneFactory</Filter>
    </ClInclude>
    <ClInclude Include="Library\InputDeviceManager\MouseDevice\MouseDevice.h">
      <Filter>Library\InputDeviceManager\MouseDevice</Filter>
    </ClInclude>
    <ClInclude Include="Library\InputDeviceManager\KeyDevice\KeyDevice.h">
      <Filter>Library\InputDeviceManager\KeyDevice</Filter>
    </ClInclude>
    <ClInclude Include="Library\InputDeviceManager\InputDeviceManager.h">
      <Filter>Library\InputDeviceManager</Filter>
    </ClInclude>
    <ClInclude Include="Library\DX11Manager\DX11Manager.h">
      <Filter>Library\DX11Manager</Filter>
    </ClInclude>
    <ClInclude Include="Library\DSoundManager\DSoundManager.h">
      <Filter>Library\DSoundManager</Filter>
    </ClInclude>
    <ClInclude Include="Library\DebugFont\DebugFont.h">
      <Filter>Library\DebugFont</Filter>
    </ClInclude>
    <ClInclude Include="Library\TextureManager\TextureManager.h">
      <Filter>Library\TextureManager</Filter>
    </ClInclude>
    <ClInclude Include="Library\ShaderManager\ShaderManager.h">
      <Filter>Library\ShaderManager</Filter>
    </ClInclude>
    <ClInclude Include="Library\Vertex2D\Vertex2D.h">
      <Filter>Library\Vertex2D</Filter>
    </ClInclude>
    <ClInclude Include="Library\FbxFileManager\FbxLoader\FbxLoader.h">
      <Filter>Library\FbxFileManager\FbxLoader</Filter>
    </ClInclude>
    <ClInclude Include="Library\FbxFileManager\FbxModel\FbxModel.h">
      <Filter>Library\FbxFileManager\FbxModel</Filter>
    </ClInclude>
    <ClInclude Include="Library\FbxFileManager\FbxFileManager.h">
      <Filter>Library\FbxFileManager</Filter>
    </ClInclude>
    <ClInclude Include="Main\SceneManager\SaveDataManager\SaveDataManager.h">
      <Filter>Main\SceneManager\SaveDataManager</Filter>
    </ClInclude>
    <ClInclude Include="Library\Camera\Camera.h">
      <Filter>Library\Camera</Filter>
    </ClInclude>
    <ClInclude Include="Library\Vertex\Vertex.h">
      <Filter>Library\Vertex</Filter>
    </ClInclude>
    <ClInclude Include="Main\SceneManager\SceneBase\GameScene\EventManager\Event\Event.h">
      <Filter>Main\SceneManager\SceneBase\GameScene\EventManager\Event</Filter>
    </ClInclude>
    <ClInclude Include="Main\SceneManager\SceneBase\GameScene\EventManager\EventListener\EventListener.h">
      <Filter>Main\SceneManager\SceneBase\GameScene\EventManager\EventListener</Filter>
    </ClInclude>
    <ClInclude Include="Main\SceneManager\SceneBase\GameScene\EventManager\EventManager.h">
      <Filter>Main\SceneManager\SceneBase\GameScene\EventManager</Filter>
    </ClInclude>
    <ClInclude Include="Main\SceneManager\SceneBase\GameScene\ObjectManager\GamaObjectManager\EnemyManager\EnemyManager.h">
      <Filter>Main\SceneManager\SceneBase\GameScene\ObjectManager\GameObjectManager\EnemyManager</Filter>
    </ClInclude>
    <ClInclude Include="Main\SceneManager\SceneBase\GameScene\ObjectManager\GamaObjectManager\FieldManager\Ground\Ground.h">
      <Filter>Main\SceneManager\SceneBase\GameScene\ObjectManager\GameObjectManager\FieldManager\Ground</Filter>
    </ClInclude>
    <ClInclude Include="Main\SceneManager\SceneBase\GameScene\ObjectManager\GamaObjectManager\FieldManager\Sky\Sky.h">
      <Filter>Main\SceneManager\SceneBase\GameScene\ObjectManager\GameObjectManager\FieldManager\Sky</Filter>
    </ClInclude>
    <ClInclude Include="Main\SceneManager\SceneBase\GameScene\ObjectManager\GamaObjectManager\FieldManager\FieldManager.h">
      <Filter>Main\SceneManager\SceneBase\GameScene\ObjectManager\GameObjectManager\FieldManager</Filter>
    </ClInclude>
    <ClInclude Include="Main\SceneManager\SceneBase\GameScene\ObjectManager\GamaObjectManager\HouseManager\HouseManager.h">
      <Filter>Main\SceneManager\SceneBase\GameScene\ObjectManager\GameObjectManager\HouseManager</Filter>
    </ClInclude>
    <ClInclude Include="Main\SceneManager\SceneBase\GameScene\ObjectManager\GamaObjectManager\HumanManager\HumanManager.h">
      <Filter>Main\SceneManager\SceneBase\GameScene\ObjectManager\GameObjectManager\HumanManager</Filter>
    </ClInclude>
    <ClInclude Include="Main\SceneManager\SceneBase\GameScene\ObjectManager\GamaObjectManager\MainCamera\MainCamera.h">
      <Filter>Main\SceneManager\SceneBase\GameScene\ObjectManager\GameObjectManager\MainCamera</Filter>
    </ClInclude>
    <ClInclude Include="Main\SceneManager\SceneBase\GameScene\ObjectManager\GamaObjectManager\RoadManager\RoadManager.h">
      <Filter>Main\SceneManager\SceneBase\GameScene\ObjectManager\GameObjectManager\RoadManager</Filter>
    </ClInclude>
    <ClInclude Include="Main\SceneManager\SceneBase\GameScene\ObjectManager\GamaObjectManager\GameObjectManager.h">
      <Filter>Main\SceneManager\SceneBase\GameScene\ObjectManager\GameObjectManager</Filter>
    </ClInclude>
    <ClInclude Include="Main\SceneManager\SceneBase\GameScene\ObjectManager\UIManager\ButtonUI\ButtonUI.h">
      <Filter>Main\SceneManager\SceneBase\GameScene\ObjectManager\UIManager\ButtonUI</Filter>
    </ClInclude>
    <ClInclude Include="Main\SceneManager\SceneBase\GameScene\ObjectManager\UIManager\GameTimeWindow\GameTimeOperationUI\AccelerateOfTimeButtonUI\AccelerateOfTimeButtonUI.h">
      <Filter>Main\SceneManager\SceneBase\GameScene\ObjectManager\UIManager\GameTimeWindow\GameTimeOperationUI\AccelerateOfTimeButtonUI</Filter>
    </ClInclude>
    <ClInclude Include="Main\SceneManager\SceneBase\GameScene\ObjectManager\UIManager\GameTimeWindow\GameTimeOperationUI\DecelerateOfTimeButtonUI\DecelerateOfTimeButtonUI.h">
      <Filter>Main\SceneManager\SceneBase\GameScene\ObjectManager\UIManager\GameTimeWindow\GameTimeOperationUI\DecelerateOfTimeButtonUI</Filter>
    </ClInclude>
    <ClInclude Include="Main\SceneManager\SceneBase\GameScene\ObjectManager\UIManager\GameTimeWindow\GameTimeOperationUI\GameTimeSpeedUI\GameTimeSpeedUI.h">
      <Filter>Main\SceneManager\SceneBase\GameScene\ObjectManager\UIManager\GameTimeWindow\GameTimeOperationUI\GameTimeSpeedUI</Filter>
    </ClInclude>
    <ClInclude Include="Main\SceneManager\SceneBase\GameScene\ObjectManager\UIManager\GameTimeWindow\GameTimeOperationUI\NormalTimeButtonUI\NormalTimeButtonUI.h">
      <Filter>Main\SceneManager\SceneBase\GameScene\ObjectManager\UIManager\GameTimeWindow\GameTimeOperationUI\NormalTimeButtonUI</Filter>
    </ClInclude>
    <ClInclude Include="Main\SceneManager\SceneBase\GameScene\ObjectManager\UIManager\GameTimeWindow\GameTimeOperationUI\GameTimeOperationUI.h">
      <Filter>Main\SceneManager\SceneBase\GameScene\ObjectManager\UIManager\GameTimeWindow\GameTimeOperationUI</Filter>
    </ClInclude>
    <ClInclude Include="Main\SceneManager\SceneBase\GameScene\ObjectManager\UIManager\GameTimeWindow\GameTimeUI\GameTimeUI.h">
      <Filter>Main\SceneManager\SceneBase\GameScene\ObjectManager\UIManager\GameTimeWindow\GameTimeUI</Filter>
    </ClInclude>
    <ClInclude Include="Main\SceneManager\SceneBase\GameScene\ObjectManager\UIManager\GameTimeWindow\GameTimeWindow.h">
      <Filter>Main\SceneManager\SceneBase\GameScene\ObjectManager\UIManager\GameTimeWindow</Filter>
    </ClInclude>
    <ClInclude Include="Main\SceneManager\SceneBase\GameScene\ObjectManager\UIManager\KingdomStatusWindow\KingdomButtonUI\KingdomButtonUI.h">
      <Filter>Main\SceneManager\SceneBase\GameScene\ObjectManager\UIManager\KingdomStatusWindow\KingdomButtonUI</Filter>
    </ClInclude>
    <ClInclude Include="Main\SceneManager\SceneBase\GameScene\ObjectManager\UIManager\KingdomStatusWindow\KingdomDemandUI\KingdomDemandUI.h">
      <Filter>Main\SceneManager\SceneBase\GameScene\ObjectManager\UIManager\KingdomStatusWindow\KingdomDemandUI</Filter>
    </ClInclude>
    <ClInclude Include="Main\SceneManager\SceneBase\GameScene\ObjectManager\UIManager\KingdomStatusWindow\KingdomStatusWindow.h">
      <Filter>Main\SceneManager\SceneBase\GameScene\ObjectManager\UIManager\KingdomStatusWindow</Filter>
    </ClInclude>
    <ClInclude Include="Main\SceneManager\SceneBase\GameScene\ObjectManager\UIManager\OperationWindow\BackToTitleButtonUI\BackToTitleButtonUI.h">
      <Filter>Main\SceneManager\SceneBase\GameScene\ObjectManager\UIManager\OperationWindow\BackToTitleButtonUI</Filter>
    </ClInclude>
    <ClInclude Include="Main\SceneManager\SceneBase\GameScene\ObjectManager\UIManager\OperationWindow\BuildButtonUI\BuildButtonUI.h">
      <Filter>Main\SceneManager\SceneBase\GameScene\ObjectManager\UIManager\OperationWindow\BuildButtonUI</Filter>
    </ClInclude>
    <ClInclude Include="Main\SceneManager\SceneBase\GameScene\ObjectManager\UIManager\OperationWindow\LoadButtonUI\LoadButtonUI.h">
      <Filter>Main\SceneManager\SceneBase\GameScene\ObjectManager\UIManager\OperationWindow\LoadButtonUI</Filter>
    </ClInclude>
    <ClInclude Include="Main\SceneManager\SceneBase\GameScene\ObjectManager\UIManager\OperationWindow\PoliticsButtonUI\PoliticsButtonUI.h">
      <Filter>Main\SceneManager\SceneBase\GameScene\ObjectManager\UIManager\OperationWindow\PoliticsButtonUI</Filter>
    </ClInclude>
    <ClInclude Include="Main\SceneManager\SceneBase\GameScene\ObjectManager\UIManager\OperationWindow\SaveButtonUI\SaveButtonUI.h">
      <Filter>Main\SceneManager\SceneBase\GameScene\ObjectManager\UIManager\OperationWindow\SaveButtonUI</Filter>
    </ClInclude>
    <ClInclude Include="Main\SceneManager\SceneBase\GameScene\ObjectManager\UIManager\OperationWindow\OperationWindow.h">
      <Filter>Main\SceneManager\SceneBase\GameScene\ObjectManager\UIManager\OperationWindow</Filter>
    </ClInclude>
    <ClInclude Include="Main\SceneManager\SceneBase\GameScene\ObjectManager\UIManager\TextUI\TextUI.h">
      <Filter>Main\SceneManager\SceneBase\GameScene\ObjectManager\UIManager\TextUI</Filter>
    </ClInclude>
    <ClInclude Include="Main\SceneManager\SceneBase\GameScene\ObjectManager\UIManager\WindowUI\WindowUI.h">
      <Filter>Main\SceneManager\SceneBase\GameScene\ObjectManager\UIManager\WindowUI</Filter>
    </ClInclude>
    <ClInclude Include="Main\SceneManager\SceneBase\GameScene\ObjectManager\UIManager\UIManager.h">
      <Filter>Main\SceneManager\SceneBase\GameScene\ObjectManager\UIManager</Filter>
    </ClInclude>
    <ClInclude Include="Main\SceneManager\SceneBase\GameScene\ObjectManager\ObjectManager.h">
      <Filter>Main\SceneManager\SceneBase\GameScene\ObjectManager</Filter>
    </ClInclude>
    <ClInclude Include="Main\SceneManager\SceneBase\GameScene\GameScene.h">
      <Filter>Main\SceneManager\SceneBase\GameScene</Filter>
    </ClInclude>
    <ClInclude Include="Main\SceneManager\SceneBase\TitleScene\TitleBackground\TitleBackground.h">
      <Filter>Main\SceneManager\SceneBase\TitleScene\TitleBackground</Filter>
    </ClInclude>
    <ClInclude Include="Main\SceneManager\SceneBase\TitleScene\TitleLogo\TitleLogo.h">
      <Filter>Main\SceneManager\SceneBase\TitleScene\TitleLogo</Filter>
    </ClInclude>
    <ClInclude Include="Main\SceneManager\SceneBase\TitleScene\TitleMenu\TitleSaveDataMenu\TitleSaveDataButton\TitleSaveDataButton.h">
      <Filter>Main\SceneManager\SceneBase\TitleScene\TitleMenu\TitleSaveDataMenu\TitleSaveDataButton</Filter>
    </ClInclude>
    <ClInclude Include="Main\SceneManager\SceneBase\TitleScene\TitleMenu\TitleSaveDataMenu\TitleSaveDataMenu.h">
      <Filter>Main\SceneManager\SceneBase\TitleScene\TitleMenu\TitleSaveDataMenu</Filter>
    </ClInclude>
    <ClInclude Include="Main\SceneManager\SceneBase\TitleScene\TitleMenu\TitleMenu.h">
      <Filter>Main\SceneManager\SceneBase\TitleScene\TitleMenu</Filter>
    </ClInclude>
    <ClInclude Include="Main\SceneManager\SceneBase\TitleScene\TitleScene.h">
      <Filter>Main\SceneManager\SceneBase\TitleScene</Filter>
    </ClInclude>
    <ClInclude Include="Main\SceneManager\SceneBase\SceneBase.h">
      <Filter>Main\SceneManager\SceneBase</Filter>
    </ClInclude>
    <ClInclude Include="Main\SceneManager\SceneBase\GameScene\GameDataManager\GameDataManager.h">
      <Filter>Main\SceneManager\SceneBase\GameScene\GameDataManager</Filter>
    </ClInclude>
    <ClInclude Include="Main\SceneManager\SceneBase\GameScene\ObjectManager\GamaObjectManager\GameTimeManager\GameTimeManager.h">
      <Filter>Main\SceneManager\SceneBase\GameScene\ObjectManager\GameObjectManager\GameTimeManager</Filter>
    </ClInclude>
    <ClInclude Include="Main\SceneManager\SceneBase\GameScene\EventManager\Event\GameTimeEvent\GameTimeEvent.h">
      <Filter>Main\SceneManager\SceneBase\GameScene\EventManager\Event\GameTimeEvent</Filter>
    </ClInclude>
    <ClInclude Include="Main\SceneManager\SceneBase\GameScene\EventManager\EventListener\GameTimeEventListener\GameTimeEventListener.h">
      <Filter>Main\SceneManager\SceneBase\GameScene\EventManager\EventListener\GameTimeEventListener</Filter>
    </ClInclude>
    <ClInclude Include="Main\SceneManager\SceneBase\GameScene\ObjectManager\GamaObjectManager\KingdomDataManager\KingdomDataManager.h">
      <Filter>Main\SceneManager\SceneBase\GameScene\ObjectManager\GameObjectManager\KingdomDataManager</Filter>
    </ClInclude>
    <ClInclude Include="Main\SceneManager\SceneBase\GameScene\ObjectManager\UIManager\OperationWindow\BackToTitleWindow\BackToTitleWindow.h">
      <Filter>Main\SceneManager\SceneBase\GameScene\ObjectManager\UIManager\OperationWindow\BackToTitleWindow</Filter>
    </ClInclude>
    <ClInclude Include="Main\SceneManager\SceneBase\GameScene\ObjectManager\UIManager\OperationWindow\BuildWindow\BuildWindow.h">
      <Filter>Main\SceneManager\SceneBase\GameScene\ObjectManager\UIManager\OperationWindow\BuildWindow</Filter>
    </ClInclude>
    <ClInclude Include="Main\SceneManager\SceneBase\GameScene\ObjectManager\UIManager\OperationWindow\LoadWindow\LoadWindow.h">
      <Filter>Main\SceneManager\SceneBase\GameScene\ObjectManager\UIManager\OperationWindow\LoadWindow</Filter>
    </ClInclude>
    <ClInclude Include="Main\SceneManager\SceneBase\GameScene\ObjectManager\UIManager\OperationWindow\PoliticsWindow\PoliticsWindow.h">
      <Filter>Main\SceneManager\SceneBase\GameScene\ObjectManager\UIManager\OperationWindow\PoliticsWindow</Filter>
    </ClInclude>
    <ClInclude Include="Main\SceneManager\SceneBase\GameScene\ObjectManager\UIManager\OperationWindow\SaveWindow\SaveWindow.h">
      <Filter>Main\SceneManager\SceneBase\GameScene\ObjectManager\UIManager\OperationWindow\SaveWindow</Filter>
    </ClInclude>
    <ClInclude Include="Main\SceneManager\SceneBase\GameScene\EventManager\Event\OperationWindowEvent\OperationWindowEvent.h">
      <Filter>Main\SceneManager\SceneBase\GameScene\EventManager\Event\OperationWindowEvent</Filter>
    </ClInclude>
    <ClInclude Include="Main\SceneManager\SceneBase\GameScene\EventManager\EventListener\OperationWindowEventListener\OperationWindowEventListener.h">
      <Filter>Main\SceneManager\SceneBase\GameScene\EventManager\EventListener\OperationWindowEventListener</Filter>
    </ClInclude>
    <ClInclude Include="Main\SceneManager\SceneBase\GameScene\ObjectManager\UIManager\OperationWindow\BuildWindow\HouseBuildButtonUI\HouseBuildButtonUI.h">
      <Filter>Main\SceneManager\SceneBase\GameScene\ObjectManager\UIManager\OperationWindow\BuildWindow\HouseBuildButtonUI</Filter>
    </ClInclude>
    <ClInclude Include="Main\SceneManager\SceneBase\GameScene\ObjectManager\UIManager\OperationWindow\BuildWindow\HouseDestroyButtonUI\HouseDestroyButtonUI.h">
      <Filter>Main\SceneManager\SceneBase\GameScene\ObjectManager\UIManager\OperationWindow\BuildWindow\HouseDestroyButtonUI</Filter>
    </ClInclude>
    <ClInclude Include="Main\SceneManager\SceneBase\GameScene\ObjectManager\UIManager\OperationWindow\BuildWindow\HouseBuildWindow\HouseBuildWindow.h">
      <Filter>Main\SceneManager\SceneBase\GameScene\ObjectManager\UIManager\OperationWindow\BuildWindow\HouseBuildWindow</Filter>
    </ClInclude>
    <ClInclude Include="Main\SceneManager\SceneBase\GameScene\EventManager\Event\BuildWindowEvent\BuildWindowEvent.h">
      <Filter>Main\SceneManager\SceneBase\GameScene\EventManager\Event\BuildWindowEvent</Filter>
    </ClInclude>
    <ClInclude Include="Main\SceneManager\SceneBase\GameScene\EventManager\EventListener\BuildWindowEventListener\BuildWindowEventListener.h">
      <Filter>Main\SceneManager\SceneBase\GameScene\EventManager\EventListener\BuildWindowEventListener</Filter>
    </ClInclude>
    <ClInclude Include="Main\SceneManager\SceneBase\GameScene\ObjectManager\UIManager\OperationWindow\BuildWindow\RoadLayingButtonUI\RoadLayingButtonUI.h">
      <Filter>Main\SceneManager\SceneBase\GameScene\ObjectManager\UIManager\OperationWindow\BuildWindow\RoadLayingButtonUI</Filter>
    </ClInclude>
    <ClInclude Include="Main\SceneManager\SceneBase\GameScene\ObjectManager\UIManager\KingdomStatusWindow\KingdomDataUI\KingdomDataUI.h">
      <Filter>Main\SceneManager\SceneBase\GameScene\ObjectManager\UIManager\KingdomStatusWindow\KingdomDataUI</Filter>
    </ClInclude>
    <ClInclude Include="Main\SceneManager\SceneBase\GameScene\ObjectManager\UIManager\OperationWindow\BuildWindow\HouseBuildWindow\NormalHouseBuildButtonUI\NormalHouseBuildButtonUI.h">
      <Filter>Main\SceneManager\SceneBase\GameScene\ObjectManager\UIManager\OperationWindow\BuildWindow\HouseBuildWindow\NormalHouseBuildButtonUI</Filter>
    </ClInclude>
    <ClInclude Include="Main\SceneManager\SceneBase\GameScene\EventManager\Event\HouseBuildWindowEvent\HouseBuildWindowEvent.h">
      <Filter>Main\SceneManager\SceneBase\GameScene\EventManager\Event\HouseBuildWindowEvent</Filter>
    </ClInclude>
    <ClInclude Include="Main\SceneManager\SceneBase\GameScene\EventManager\EventListener\HouseBuildWindowEventListener\HouseBuildWindowEventListener.h">
      <Filter>Main\SceneManager\SceneBase\GameScene\EventManager\EventListener\HouseBuildWindowEventListener</Filter>
    </ClInclude>
    <ClInclude Include="Main\SceneManager\SceneBase\GameScene\ObjectManager\UIManager\OperationWindow\BuildWindow\HouseBuildWindow\NormalHouseBuildButtonUI\NormalHouseBuildButtonUI.h">
      <Filter>Main\SceneManager\SceneBase\GameScene\ObjectManager\UIManager\OperationWindow\BuildWindow\HouseBuildWindow\NormalHouseBuildButtonUI</Filter>
    </ClInclude>
    <ClInclude Include="Main\SceneManager\SceneBase\TitleScene\TitleMenu\TitleContinueButton\TitleContinueButton.h">
      <Filter>Main\SceneManager\SceneBase\TitleScene\TitleMenu\TitleContinueButton</Filter>
    </ClInclude>
    <ClInclude Include="Main\SceneManager\SceneBase\TitleScene\TitleMenu\TitleStartButton\TitleStartButton.h">
      <Filter>Main\SceneManager\SceneBase\TitleScene\TitleMenu\TitleStartButton</Filter>
    </ClInclude>
    <ClInclude Include="Main\SceneManager\SceneBase\GameScene\EventManager\EventListener\KingdomWindowEventListener\KingdomWindowEventListener.h">
      <Filter>Main\SceneManager\SceneBase\GameScene\EventManager\EventListener\KingdomWindowEventListener</Filter>
    </ClInclude>
    <ClInclude Include="Main\SceneManager\SceneBase\GameScene\EventManager\Event\KingdomWindowEvent\KingdomWindowEvent.h">
      <Filter>Main\SceneManager\SceneBase\GameScene\EventManager\Event\KingdomWindowEvent</Filter>
    </ClInclude>
    <ClInclude Include="Main\SceneManager\SceneBase\GameScene\ObjectManager\UIManager\KingdomWindow\KingdomWindow.h">
      <Filter>Main\SceneManager\SceneBase\GameScene\ObjectManager\UIManager\KingdomWindow</Filter>
    </ClInclude>
    <ClInclude Include="Main\SceneManager\SceneBase\GameScene\ObjectManager\GamaObjectManager\MousePosConverter\MousePosConverter.h">
      <Filter>Main\SceneManager\SceneBase\GameScene\ObjectManager\GameObjectManager\MousePosConverter</Filter>
    </ClInclude>
  </ItemGroup>
  <ItemGroup>
    <Filter Include="Library">
      <UniqueIdentifier>{81b452a9-d848-4744-a563-d6f3fdcdafb6}</UniqueIdentifier>
    </Filter>
    <Filter Include="Main">
      <UniqueIdentifier>{ab33a3da-dd2e-4024-bfdc-bed82dc525a7}</UniqueIdentifier>
    </Filter>
    <Filter Include="Main\SceneManager">
      <UniqueIdentifier>{43a7a68d-0f7b-40f4-bdde-c974f8515fd8}</UniqueIdentifier>
    </Filter>
    <Filter Include="Main\SceneManager\SceneFactory">
      <UniqueIdentifier>{7d2a4205-28be-4fa4-9f16-150acc21428a}</UniqueIdentifier>
    </Filter>
    <Filter Include="Library\InputDeviceManager">
      <UniqueIdentifier>{629e83d7-00ec-4621-8e77-a060f096164c}</UniqueIdentifier>
    </Filter>
    <Filter Include="Library\InputDeviceManager\MouseDevice">
      <UniqueIdentifier>{21c935cd-fbbf-417a-991a-3d9597bdb93c}</UniqueIdentifier>
    </Filter>
    <Filter Include="Library\InputDeviceManager\KeyDevice">
      <UniqueIdentifier>{41610920-65ef-4197-af84-f91366fe714c}</UniqueIdentifier>
    </Filter>
    <Filter Include="Library\DX11Manager">
      <UniqueIdentifier>{08b44af7-abeb-4719-abdd-3bfce21e592f}</UniqueIdentifier>
    </Filter>
    <Filter Include="Library\DSoundManager">
      <UniqueIdentifier>{3ca60592-24e7-4646-9c2e-2fd9e1f448d1}</UniqueIdentifier>
    </Filter>
    <Filter Include="Library\DebugFont">
      <UniqueIdentifier>{aa5d2fcd-1e03-4df0-bbfd-875eb6b33310}</UniqueIdentifier>
    </Filter>
    <Filter Include="Library\DebugFont\Effect">
      <UniqueIdentifier>{c6964899-df0e-4e02-a6e4-fecbd703a11d}</UniqueIdentifier>
    </Filter>
    <Filter Include="Library\TextureManager">
      <UniqueIdentifier>{cd29e23a-7b80-48cd-b533-312f947616c6}</UniqueIdentifier>
    </Filter>
    <Filter Include="Library\ShaderManager">
      <UniqueIdentifier>{b73a1f4b-749e-400f-937e-6bd014c59cfc}</UniqueIdentifier>
    </Filter>
    <Filter Include="Library\FbxFileManager">
      <UniqueIdentifier>{03a4a9fa-3e08-4a2c-94ba-b890f7724074}</UniqueIdentifier>
    </Filter>
    <Filter Include="Library\FbxFileManager\FbxLoader">
      <UniqueIdentifier>{359a9ee0-2597-4ce1-ac0f-1ff78e4666b6}</UniqueIdentifier>
    </Filter>
    <Filter Include="Library\FbxFileManager\FbxModel">
      <UniqueIdentifier>{d7172336-c39a-4df8-9792-6f6c8220d7c2}</UniqueIdentifier>
    </Filter>
    <Filter Include="Main\SceneManager\SaveDataManager">
      <UniqueIdentifier>{599d1318-177a-4566-b3c5-a882a9659cea}</UniqueIdentifier>
    </Filter>
    <Filter Include="Library\Camera">
      <UniqueIdentifier>{e79f5d35-4f4c-444f-a156-7452a84b0ae0}</UniqueIdentifier>
    </Filter>
    <Filter Include="Library\Vertex">
      <UniqueIdentifier>{73bf57ba-312b-4419-a3d2-943c7c278077}</UniqueIdentifier>
    </Filter>
    <Filter Include="Library\Vertex\Effect">
      <UniqueIdentifier>{8f2cd0c9-4fe3-4fa6-9932-839199b421fc}</UniqueIdentifier>
    </Filter>
    <Filter Include="Library\Vertex2D">
      <UniqueIdentifier>{e30530c9-00d8-4131-8996-5b30a6349c95}</UniqueIdentifier>
    </Filter>
    <Filter Include="Library\Vertex2D\Effect">
      <UniqueIdentifier>{573df6be-f38e-4174-90e5-a99325fbf189}</UniqueIdentifier>
    </Filter>
    <Filter Include="Main\SceneManager\SceneBase">
      <UniqueIdentifier>{9c674c58-49b8-4ae1-868e-0baec8198c1b}</UniqueIdentifier>
    </Filter>
    <Filter Include="Main\SceneManager\SceneBase\GameScene">
      <UniqueIdentifier>{5b274c4c-1c7f-4951-9de9-4526680194b0}</UniqueIdentifier>
    </Filter>
    <Filter Include="Main\SceneManager\SceneBase\GameScene\ObjectManager">
      <UniqueIdentifier>{8aa953b7-3c65-4e37-949a-7ebfee5d7364}</UniqueIdentifier>
    </Filter>
    <Filter Include="Main\SceneManager\SceneBase\GameScene\ObjectManager\GameObjectManager">
      <UniqueIdentifier>{56621f14-c353-44ec-8992-0d12bb48cd41}</UniqueIdentifier>
    </Filter>
    <Filter Include="Main\SceneManager\SceneBase\GameScene\ObjectManager\GameObjectManager\HouseManager">
      <UniqueIdentifier>{1dab1ec3-80bd-4dae-9e1e-0e528872e7a1}</UniqueIdentifier>
    </Filter>
    <Filter Include="Main\SceneManager\SceneBase\GameScene\ObjectManager\GameObjectManager\RoadManager">
      <UniqueIdentifier>{21d0d7a7-b505-4cf6-ae50-bc895ae9d3eb}</UniqueIdentifier>
    </Filter>
    <Filter Include="Main\SceneManager\SceneBase\GameScene\ObjectManager\GameObjectManager\FieldManager">
      <UniqueIdentifier>{0a2873f0-b057-4528-819e-125be2450689}</UniqueIdentifier>
    </Filter>
    <Filter Include="Main\SceneManager\SceneBase\GameScene\ObjectManager\GameObjectManager\FieldManager\Sky">
      <UniqueIdentifier>{24d91e50-fe55-4ac7-b31d-dfa5dde7c6b8}</UniqueIdentifier>
    </Filter>
    <Filter Include="Main\SceneManager\SceneBase\GameScene\ObjectManager\GameObjectManager\FieldManager\Ground">
      <UniqueIdentifier>{1dcd6f59-c116-4da9-a396-3d548a20df27}</UniqueIdentifier>
    </Filter>
    <Filter Include="Main\SceneManager\SceneBase\GameScene\ObjectManager\GameObjectManager\FieldManager\Ground\Effect">
      <UniqueIdentifier>{e7e66729-3153-452c-b4d8-9886a1dc5bd9}</UniqueIdentifier>
    </Filter>
    <Filter Include="Main\SceneManager\SceneBase\GameScene\ObjectManager\GameObjectManager\HumanManager">
      <UniqueIdentifier>{a5bd128d-d74f-48d7-a809-d1c75797faa8}</UniqueIdentifier>
    </Filter>
    <Filter Include="Main\SceneManager\SceneBase\GameScene\ObjectManager\GameObjectManager\EnemyManager">
      <UniqueIdentifier>{6f102ad6-2e63-4dd3-9bfd-9bb4a1dd43d5}</UniqueIdentifier>
    </Filter>
    <Filter Include="Main\SceneManager\SceneBase\GameScene\ObjectManager\GameObjectManager\MainCamera">
      <UniqueIdentifier>{62ef79b3-482b-460a-a4a2-0a5970ce879b}</UniqueIdentifier>
    </Filter>
    <Filter Include="Main\SceneManager\SceneBase\GameScene\ObjectManager\UIManager">
      <UniqueIdentifier>{d90d8b97-1d0b-4087-bbfa-8a2511b869fe}</UniqueIdentifier>
    </Filter>
    <Filter Include="Main\SceneManager\SceneBase\GameScene\ObjectManager\UIManager\OperationWindow">
      <UniqueIdentifier>{1c25e291-24c0-4fec-afb5-1b4ff76e46ab}</UniqueIdentifier>
    </Filter>
    <Filter Include="Main\SceneManager\SceneBase\GameScene\ObjectManager\UIManager\OperationWindow\BuildButtonUI">
      <UniqueIdentifier>{6ea00f9d-fd0c-49af-bae8-e15baa3dc502}</UniqueIdentifier>
    </Filter>
    <Filter Include="Main\SceneManager\SceneBase\GameScene\ObjectManager\UIManager\OperationWindow\LoadButtonUI">
      <UniqueIdentifier>{28f0051e-17c3-4cd8-8a0d-dc26a7d00981}</UniqueIdentifier>
    </Filter>
    <Filter Include="Main\SceneManager\SceneBase\GameScene\ObjectManager\UIManager\OperationWindow\PoliticsButtonUI">
      <UniqueIdentifier>{f1e970e6-e8e5-4434-815f-439ff3a504ba}</UniqueIdentifier>
    </Filter>
    <Filter Include="Main\SceneManager\SceneBase\GameScene\ObjectManager\UIManager\OperationWindow\SaveButtonUI">
      <UniqueIdentifier>{1ac5fe57-762c-4dd9-8840-9408ba439f3c}</UniqueIdentifier>
    </Filter>
    <Filter Include="Main\SceneManager\SceneBase\GameScene\ObjectManager\UIManager\OperationWindow\BackToTitleButtonUI">
      <UniqueIdentifier>{7c25895a-fd1f-49aa-bbb3-13469778a860}</UniqueIdentifier>
    </Filter>
    <Filter Include="Main\SceneManager\SceneBase\GameScene\ObjectManager\UIManager\GameTimeWindow">
      <UniqueIdentifier>{4795c902-b2f7-4d74-a832-ca5087f72706}</UniqueIdentifier>
    </Filter>
    <Filter Include="Main\SceneManager\SceneBase\GameScene\ObjectManager\UIManager\GameTimeWindow\GameTimeUI">
      <UniqueIdentifier>{334931c9-c592-4a19-9a05-3d095c8ad7b8}</UniqueIdentifier>
    </Filter>
    <Filter Include="Main\SceneManager\SceneBase\GameScene\ObjectManager\UIManager\TextUI">
      <UniqueIdentifier>{579b2de3-c6a9-44b3-88a5-ca9bba018570}</UniqueIdentifier>
    </Filter>
    <Filter Include="Main\SceneManager\SceneBase\GameScene\ObjectManager\UIManager\ButtonUI">
      <UniqueIdentifier>{eacae7e4-33e5-4622-9c6c-fb7287804ec5}</UniqueIdentifier>
    </Filter>
    <Filter Include="Main\SceneManager\SceneBase\GameScene\ObjectManager\UIManager\WindowUI">
      <UniqueIdentifier>{08ef7a93-d056-4bf1-aa8f-34c873766a16}</UniqueIdentifier>
    </Filter>
    <Filter Include="Main\SceneManager\SceneBase\GameScene\ObjectManager\UIManager\KingdomStatusWindow">
      <UniqueIdentifier>{ae38b273-e5ae-4a87-87af-d72f81f02bd3}</UniqueIdentifier>
    </Filter>
    <Filter Include="Main\SceneManager\SceneBase\GameScene\ObjectManager\UIManager\KingdomStatusWindow\KingdomButtonUI">
      <UniqueIdentifier>{b47b24e3-6d78-4fd5-a2cb-3fc3d648d3e5}</UniqueIdentifier>
    </Filter>
    <Filter Include="Main\SceneManager\SceneBase\GameScene\ObjectManager\UIManager\KingdomStatusWindow\KingdomDataUI">
      <UniqueIdentifier>{415ab7f3-8f62-4dc2-bd3a-4369723104f1}</UniqueIdentifier>
    </Filter>
    <Filter Include="Main\SceneManager\SceneBase\GameScene\ObjectManager\UIManager\KingdomStatusWindow\KingdomDemandUI">
      <UniqueIdentifier>{bb811fad-c28a-49a9-b2da-4e380f460569}</UniqueIdentifier>
    </Filter>
    <Filter Include="Main\SceneManager\SceneBase\GameScene\EventManager">
      <UniqueIdentifier>{d076b898-f6f7-42e0-88c0-54427e9f2db7}</UniqueIdentifier>
    </Filter>
    <Filter Include="Main\SceneManager\SceneBase\GameScene\EventManager\Event">
      <UniqueIdentifier>{7c457e5a-1015-46cc-aa49-449432990501}</UniqueIdentifier>
    </Filter>
    <Filter Include="Main\SceneManager\SceneBase\GameScene\EventManager\EventListener">
      <UniqueIdentifier>{64d141d7-906e-42c2-8017-f860aeadb0d0}</UniqueIdentifier>
    </Filter>
    <Filter Include="Main\SceneManager\SceneBase\TitleScene">
      <UniqueIdentifier>{f592d59e-a32a-4e66-ab4d-3086b2773ee9}</UniqueIdentifier>
    </Filter>
    <Filter Include="Main\SceneManager\SceneBase\TitleScene\TitleLogo">
      <UniqueIdentifier>{953daab7-b099-4148-b12e-9d810fefe12e}</UniqueIdentifier>
    </Filter>
    <Filter Include="Main\SceneManager\SceneBase\TitleScene\TitleBackground">
      <UniqueIdentifier>{e27cdcb0-3f8b-4a46-9573-f1567375e269}</UniqueIdentifier>
    </Filter>
    <Filter Include="Main\SceneManager\SceneBase\TitleScene\TitleMenu">
      <UniqueIdentifier>{52ce621f-8063-45a9-9acb-2501be1f88cf}</UniqueIdentifier>
    </Filter>
    <Filter Include="Main\SceneManager\SceneBase\TitleScene\TitleMenu\TitleSaveDataMenu">
      <UniqueIdentifier>{7c32c86f-0164-460c-ae17-09da5fd65eb3}</UniqueIdentifier>
    </Filter>
    <Filter Include="Main\SceneManager\SceneBase\TitleScene\TitleMenu\TitleSaveDataMenu\TitleSaveDataButton">
      <UniqueIdentifier>{9d424ac1-403c-4008-ad6e-1ec143af7912}</UniqueIdentifier>
    </Filter>
    <Filter Include="Main\SceneManager\SceneBase\GameScene\GameDataManager">
      <UniqueIdentifier>{01740cda-36dc-4a91-a56d-70c8bb1ea247}</UniqueIdentifier>
    </Filter>
    <Filter Include="Main\SceneManager\SceneBase\GameScene\ObjectManager\GameObjectManager\FieldManager\Sky\Effect">
      <UniqueIdentifier>{c691e3ed-3d13-4de5-a158-87468c4f0b74}</UniqueIdentifier>
    </Filter>
    <Filter Include="Main\SceneManager\SceneBase\GameScene\ObjectManager\GameObjectManager\GameTimeManager">
      <UniqueIdentifier>{777602b2-f46e-4cb4-9054-ae407b047315}</UniqueIdentifier>
    </Filter>
    <Filter Include="Main\SceneManager\SceneBase\GameScene\EventManager\Event\GameTimeEvent">
      <UniqueIdentifier>{4b46438c-bbdc-4581-a050-6c99d728a622}</UniqueIdentifier>
    </Filter>
    <Filter Include="Main\SceneManager\SceneBase\GameScene\ObjectManager\UIManager\GameTimeWindow\GameTimeOperationUI">
      <UniqueIdentifier>{c3e1ce6e-0ed9-47e8-8aed-170dcf190811}</UniqueIdentifier>
    </Filter>
    <Filter Include="Main\SceneManager\SceneBase\GameScene\ObjectManager\UIManager\GameTimeWindow\GameTimeOperationUI\NormalTimeButtonUI">
      <UniqueIdentifier>{4c697f3f-9bab-4ba3-85fb-334c152c288d}</UniqueIdentifier>
    </Filter>
    <Filter Include="Main\SceneManager\SceneBase\GameScene\ObjectManager\UIManager\GameTimeWindow\GameTimeOperationUI\GameTimeSpeedUI">
      <UniqueIdentifier>{ac8bb9db-64b4-4f94-98c2-b6809c356258}</UniqueIdentifier>
    </Filter>
    <Filter Include="Main\SceneManager\SceneBase\GameScene\ObjectManager\UIManager\GameTimeWindow\GameTimeOperationUI\AccelerateOfTimeButtonUI">
      <UniqueIdentifier>{0f000293-8e93-4f86-8e33-27c9c07345f8}</UniqueIdentifier>
    </Filter>
    <Filter Include="Main\SceneManager\SceneBase\GameScene\ObjectManager\UIManager\GameTimeWindow\GameTimeOperationUI\DecelerateOfTimeButtonUI">
      <UniqueIdentifier>{79a2a95d-bc9d-43e5-9f00-37e5adc38b91}</UniqueIdentifier>
    </Filter>
    <Filter Include="Main\SceneManager\SceneBase\GameScene\EventManager\EventListener\GameTimeEventListener">
      <UniqueIdentifier>{867a0f0f-0e36-49c3-8558-2ee49012f521}</UniqueIdentifier>
    </Filter>
    <Filter Include="Main\SceneManager\SceneBase\GameScene\ObjectManager\GameObjectManager\KingdomDataManager">
      <UniqueIdentifier>{2a39886f-3377-4c6c-afb9-97a197f22aee}</UniqueIdentifier>
    </Filter>
    <Filter Include="Main\SceneManager\SceneBase\GameScene\ObjectManager\UIManager\OperationWindow\BuildWindow">
      <UniqueIdentifier>{5e36bc21-22b9-466c-b440-483a0633fb4e}</UniqueIdentifier>
    </Filter>
    <Filter Include="Main\SceneManager\SceneBase\GameScene\ObjectManager\UIManager\OperationWindow\PoliticsWindow">
      <UniqueIdentifier>{e7beedd4-855e-4c5a-8bf9-860f529c3ad2}</UniqueIdentifier>
    </Filter>
    <Filter Include="Main\SceneManager\SceneBase\GameScene\ObjectManager\UIManager\OperationWindow\SaveWindow">
      <UniqueIdentifier>{f076557c-bedc-4f7b-b0f8-0cd8a3fb0b01}</UniqueIdentifier>
    </Filter>
    <Filter Include="Main\SceneManager\SceneBase\GameScene\ObjectManager\UIManager\OperationWindow\LoadWindow">
      <UniqueIdentifier>{7715e847-1af1-4fb5-afb5-2442fd9a7758}</UniqueIdentifier>
    </Filter>
    <Filter Include="Main\SceneManager\SceneBase\GameScene\ObjectManager\UIManager\OperationWindow\BackToTitleWindow">
      <UniqueIdentifier>{53d70229-ace4-4c77-b933-7747c3f99ed9}</UniqueIdentifier>
    </Filter>
    <Filter Include="Main\SceneManager\SceneBase\GameScene\EventManager\Event\OperationWindowEvent">
      <UniqueIdentifier>{46823a04-c6b4-4e26-8f63-e1fd9d1d9186}</UniqueIdentifier>
    </Filter>
    <Filter Include="Main\SceneManager\SceneBase\GameScene\EventManager\EventListener\OperationWindowEventListener">
      <UniqueIdentifier>{f46fa8f3-2651-4088-9e02-7f4dab796ad1}</UniqueIdentifier>
    </Filter>
    <Filter Include="Main\SceneManager\SceneBase\GameScene\ObjectManager\UIManager\OperationWindow\BuildWindow\HouseDestroyButtonUI">
      <UniqueIdentifier>{42ae9f21-2449-4e97-a9a6-b756a8d49d0d}</UniqueIdentifier>
    </Filter>
    <Filter Include="Main\SceneManager\SceneBase\GameScene\ObjectManager\UIManager\OperationWindow\BuildWindow\HouseBuildButtonUI">
      <UniqueIdentifier>{a6a9cd9f-3f7a-4e81-b973-28b45418b610}</UniqueIdentifier>
    </Filter>
    <Filter Include="Main\SceneManager\SceneBase\GameScene\ObjectManager\UIManager\OperationWindow\BuildWindow\HouseBuildWindow">
      <UniqueIdentifier>{3228cc4a-29b8-4a94-94eb-4b9f85f73e77}</UniqueIdentifier>
    </Filter>
    <Filter Include="Main\SceneManager\SceneBase\GameScene\EventManager\Event\BuildWindowEvent">
      <UniqueIdentifier>{1df23ae1-ddc8-4183-9ed9-ccf555641188}</UniqueIdentifier>
    </Filter>
    <Filter Include="Main\SceneManager\SceneBase\GameScene\EventManager\EventListener\BuildWindowEventListener">
      <UniqueIdentifier>{4d9b2090-fbfb-4a75-88ef-601542b29aa8}</UniqueIdentifier>
    </Filter>
    <Filter Include="Main\SceneManager\SceneBase\GameScene\ObjectManager\UIManager\OperationWindow\BuildWindow\RoadLayingButtonUI">
      <UniqueIdentifier>{3974f724-3c19-492f-a2f1-da08f0fb1b64}</UniqueIdentifier>
    </Filter>
    <Filter Include="Main\SceneManager\SceneBase\GameScene\ObjectManager\UIManager\OperationWindow\BuildWindow\HouseBuildWindow\NormalHouseBuildButtonUI">
      <UniqueIdentifier>{dbc6659b-10f4-4403-b9ee-db6b0157e127}</UniqueIdentifier>
    </Filter>
    <Filter Include="Main\SceneManager\SceneBase\GameScene\EventManager\Event\HouseBuildWindowEvent">
      <UniqueIdentifier>{9c08b60a-6bfd-4552-871b-e4852213309c}</UniqueIdentifier>
    </Filter>
    <Filter Include="Main\SceneManager\SceneBase\GameScene\EventManager\EventListener\HouseBuildWindowEventListener">
      <UniqueIdentifier>{33062fb8-fd74-4ac0-a6e5-5e158c14bd5c}</UniqueIdentifier>
    </Filter>
    <Filter Include="Main\SceneManager\SceneBase\TitleScene\TitleMenu\TitleContinueButton">
      <UniqueIdentifier>{cd031716-c344-40c0-92a9-d24ca51add8d}</UniqueIdentifier>
    </Filter>
    <Filter Include="Main\SceneManager\SceneBase\TitleScene\TitleMenu\TitleStartButton">
      <UniqueIdentifier>{d2d826aa-7a3b-4a92-acc7-7de2181488d7}</UniqueIdentifier>
    </Filter>
    <Filter Include="Main\SceneManager\SceneBase\GameScene\EventManager\EventListener\KingdomWindowEventListener">
      <UniqueIdentifier>{7a683acd-aca7-4faa-b34a-8577cd271fde}</UniqueIdentifier>
    </Filter>
    <Filter Include="Main\SceneManager\SceneBase\GameScene\EventManager\Event\KingdomWindowEvent">
      <UniqueIdentifier>{02e64dfc-b3c3-4e98-b0a3-e4d470578832}</UniqueIdentifier>
    </Filter>
    <Filter Include="Main\SceneManager\SceneBase\GameScene\ObjectManager\UIManager\KingdomWindow">
      <UniqueIdentifier>{342742e8-402f-4e5b-ae43-bb4c35eb725c}</UniqueIdentifier>
    </Filter>
    <Filter Include="Main\SceneManager\SceneBase\GameScene\ObjectManager\GameObjectManager\MousePosConverter">
      <UniqueIdentifier>{6448ec0d-26f6-4a85-93a9-2dbde6afdf2e}</UniqueIdentifier>
    </Filter>
  </ItemGroup>
  <ItemGroup>
    <FxCompile Include="Library\DebugFont\Effect\DebugFont.fx">
      <Filter>Library\DebugFont\Effect</Filter>
    </FxCompile>
    <FxCompile Include="Library\Vertex2D\Effect\Vertex2D.fx">
      <Filter>Library\Vertex2D\Effect</Filter>
    </FxCompile>
    <FxCompile Include="Library\Vertex\Effect\Vertex.fx">
      <Filter>Library\Vertex\Effect</Filter>
    </FxCompile>
    <FxCompile Include="Resource\Effect\GameScene\Ground.fx">
      <Filter>Main\SceneManager\SceneBase\GameScene\ObjectManager\GameObjectManager\FieldManager\Ground\Effect</Filter>
    </FxCompile>
    <FxCompile Include="Resource\Effect\GameScene\Sky.fx">
      <Filter>Main\SceneManager\SceneBase\GameScene\ObjectManager\GameObjectManager\FieldManager\Sky\Effect</Filter>
    </FxCompile>
  </ItemGroup>
</Project>