<?xml version="1.0" encoding="utf-8"?>
<Project ToolsVersion="4.0" xmlns="http://schemas.microsoft.com/developer/msbuild/2003">
  <ItemGroup>
    <ClCompile Include="Library\DX11Manager\DX11Manager.cpp">
      <Filter>Library</Filter>
    </ClCompile>
    <ClCompile Include="Main\Main.cpp">
      <Filter>Main</Filter>
    </ClCompile>
    <ClCompile Include="Main\SceneManager\SceneManager.cpp">
      <Filter>Main\SceneManager</Filter>
    </ClCompile>
    <ClCompile Include="Main\SceneManager\Scene\Scene.cpp">
      <Filter>Main\SceneManager\Scene</Filter>
    </ClCompile>
    <ClCompile Include="Main\SceneManager\Scene\GameScene\GameScene.cpp">
      <Filter>Main\SceneManager\Scene\GameScene</Filter>
    </ClCompile>
    <ClCompile Include="Main\SceneManager\Scene\TitleScene\TitleScene.cpp">
      <Filter>Main\SceneManager\Scene\TitleScene</Filter>
    </ClCompile>
    <ClCompile Include="Main\SceneManager\SceneFactory\SceneFactory.cpp">
      <Filter>Main\SceneManager\SceneFactory</Filter>
    </ClCompile>
  </ItemGroup>
  <ItemGroup>
    <ClInclude Include="Library\DX11Manager\DX11Manager.h">
      <Filter>Library</Filter>
    </ClInclude>
    <ClInclude Include="Main\SceneManager\SceneManager.h">
      <Filter>Main\SceneManager</Filter>
    </ClInclude>
    <ClInclude Include="Main\SceneManager\Scene\Scene.h">
      <Filter>Main\SceneManager\Scene</Filter>
    </ClInclude>
    <ClInclude Include="Main\SceneManager\Scene\GameScene\GameScene.h">
      <Filter>Main\SceneManager\Scene\GameScene</Filter>
    </ClInclude>
    <ClInclude Include="Main\SceneManager\Scene\TitleScene\TitleScene.h">
      <Filter>Main\SceneManager\Scene\TitleScene</Filter>
    </ClInclude>
    <ClInclude Include="Main\SceneManager\SceneFactory\SceneFactory.h">
      <Filter>Main\SceneManager\SceneFactory</Filter>
    </ClInclude>
  </ItemGroup>
  <ItemGroup>
    <Filter Include="Library">
      <UniqueIdentifier>{81b452a9-d848-4744-a563-d6f3fdcdafb6}</UniqueIdentifier>
    </Filter>
    <Filter Include="Main">
      <UniqueIdentifier>{ab33a3da-dd2e-4024-bfdc-bed82dc525a7}</UniqueIdentifier>
    </Filter>
    <Filter Include="Main\SceneManager">
      <UniqueIdentifier>{43a7a68d-0f7b-40f4-bdde-c974f8515fd8}</UniqueIdentifier>
    </Filter>
    <Filter Include="Main\SceneManager\Scene">
      <UniqueIdentifier>{9c674c58-49b8-4ae1-868e-0baec8198c1b}</UniqueIdentifier>
    </Filter>
    <Filter Include="Main\SceneManager\Scene\GameScene">
      <UniqueIdentifier>{5b274c4c-1c7f-4951-9de9-4526680194b0}</UniqueIdentifier>
    </Filter>
    <Filter Include="Main\SceneManager\Scene\TitleScene">
      <UniqueIdentifier>{f592d59e-a32a-4e66-ab4d-3086b2773ee9}</UniqueIdentifier>
    </Filter>
    <Filter Include="Main\SceneManager\SceneFactory">
      <UniqueIdentifier>{7d2a4205-28be-4fa4-9f16-150acc21428a}</UniqueIdentifier>
    </Filter>
  </ItemGroup>
</Project>